// !$*UTF8*$!
{
	archiveVersion = 1;
	classes = {
	};
	objectVersion = 46;
	objects = {

/* Begin PBXBuildFile section */
		3E2555D41CFC8F4E006DEF18 /* AppDelegate.swift in Sources */ = {isa = PBXBuildFile; fileRef = 3E2555D31CFC8F4E006DEF18 /* AppDelegate.swift */; };
		3E2555D61CFC8F4E006DEF18 /* ViewController.swift in Sources */ = {isa = PBXBuildFile; fileRef = 3E2555D51CFC8F4E006DEF18 /* ViewController.swift */; };
		3E2555D91CFC8F4E006DEF18 /* Main.storyboard in Resources */ = {isa = PBXBuildFile; fileRef = 3E2555D71CFC8F4E006DEF18 /* Main.storyboard */; };
		3E2555DB1CFC8F4E006DEF18 /* Assets.xcassets in Resources */ = {isa = PBXBuildFile; fileRef = 3E2555DA1CFC8F4E006DEF18 /* Assets.xcassets */; };
		3E2555DE1CFC8F4E006DEF18 /* LaunchScreen.storyboard in Resources */ = {isa = PBXBuildFile; fileRef = 3E2555DC1CFC8F4E006DEF18 /* LaunchScreen.storyboard */; };
/* End PBXBuildFile section */

/* Begin PBXFileReference section */
		3E2555D01CFC8F4E006DEF18 /* ListifySwift.app */ = {isa = PBXFileReference; explicitFileType = wrapper.application; includeInIndex = 0; path = ListifySwift.app; sourceTree = BUILT_PRODUCTS_DIR; };
		3E2555D31CFC8F4E006DEF18 /* AppDelegate.swift */ = {isa = PBXFileReference; lastKnownFileType = sourcecode.swift; path = AppDelegate.swift; sourceTree = "<group>"; };
		3E2555D51CFC8F4E006DEF18 /* ViewController.swift */ = {isa = PBXFileReference; lastKnownFileType = sourcecode.swift; path = ViewController.swift; sourceTree = "<group>"; };
		3E2555D81CFC8F4E006DEF18 /* Base */ = {isa = PBXFileReference; lastKnownFileType = file.storyboard; name = Base; path = Base.lproj/Main.storyboard; sourceTree = "<group>"; };
		3E2555DA1CFC8F4E006DEF18 /* Assets.xcassets */ = {isa = PBXFileReference; lastKnownFileType = folder.assetcatalog; path = Assets.xcassets; sourceTree = "<group>"; };
		3E2555DD1CFC8F4E006DEF18 /* Base */ = {isa = PBXFileReference; lastKnownFileType = file.storyboard; name = Base; path = Base.lproj/LaunchScreen.storyboard; sourceTree = "<group>"; };
		3E2555DF1CFC8F4E006DEF18 /* Info.plist */ = {isa = PBXFileReference; lastKnownFileType = text.plist.xml; path = Info.plist; sourceTree = "<group>"; };
/* End PBXFileReference section */

/* Begin PBXFrameworksBuildPhase section */
		3E2555CD1CFC8F4E006DEF18 /* Frameworks */ = {
			isa = PBXFrameworksBuildPhase;
			buildActionMask = 2147483647;
			files = (
			);
			runOnlyForDeploymentPostprocessing = 0;
		};
/* End PBXFrameworksBuildPhase section */

/* Begin PBXGroup section */
		3E2555C71CFC8F4D006DEF18 = {
			isa = PBXGroup;
			children = (
				3E2555D21CFC8F4E006DEF18 /* ListifySwift */,
				3E2555D11CFC8F4E006DEF18 /* Products */,
			);
			sourceTree = "<group>";
		};
		3E2555D11CFC8F4E006DEF18 /* Products */ = {
			isa = PBXGroup;
			children = (
				3E2555D01CFC8F4E006DEF18 /* ListifySwift.app */,
			);
			name = Products;
			sourceTree = "<group>";
		};
		3E2555D21CFC8F4E006DEF18 /* ListifySwift */ = {
			isa = PBXGroup;
			children = (
				3E2555D31CFC8F4E006DEF18 /* AppDelegate.swift */,
				3E2555D51CFC8F4E006DEF18 /* ViewController.swift */,
				3E2555D71CFC8F4E006DEF18 /* Main.storyboard */,
				3E2555DA1CFC8F4E006DEF18 /* Assets.xcassets */,
				3E2555DC1CFC8F4E006DEF18 /* LaunchScreen.storyboard */,
				3E2555DF1CFC8F4E006DEF18 /* Info.plist */,
			);
			path = ListifySwift;
			sourceTree = "<group>";
		};
/* End PBXGroup section */

/* Begin PBXNativeTarget section */
		3E2555CF1CFC8F4E006DEF18 /* ListifySwift */ = {
			isa = PBXNativeTarget;
			buildConfigurationList = 3E2555E21CFC8F4E006DEF18 /* Build configuration list for PBXNativeTarget "ListifySwift" */;
			buildPhases = (
				3E2555CC1CFC8F4E006DEF18 /* Sources */,
				3E2555CD1CFC8F4E006DEF18 /* Frameworks */,
				3E2555CE1CFC8F4E006DEF18 /* Resources */,
			);
			buildRules = (
			);
			dependencies = (
			);
			name = ListifySwift;
			productName = ListifySwift;
			productReference = 3E2555D01CFC8F4E006DEF18 /* ListifySwift.app */;
			productType = "com.apple.product-type.application";
		};
/* End PBXNativeTarget section */

/* Begin PBXProject section */
		3E2555C81CFC8F4D006DEF18 /* Project object */ = {
			isa = PBXProject;
			attributes = {
				LastSwiftUpdateCheck = 0730;
				LastUpgradeCheck = 0730;
				ORGANIZATIONNAME = "Jeannine Krämer";
				TargetAttributes = {
					3E2555CF1CFC8F4E006DEF18 = {
						CreatedOnToolsVersion = 7.3;
					};
				};
			};
			buildConfigurationList = 3E2555CB1CFC8F4D006DEF18 /* Build configuration list for PBXProject "ListifySwift" */;
			compatibilityVersion = "Xcode 3.2";
			developmentRegion = English;
			hasScannedForEncodings = 0;
			knownRegions = (
				en,
				Base,
			);
			mainGroup = 3E2555C71CFC8F4D006DEF18;
			productRefGroup = 3E2555D11CFC8F4E006DEF18 /* Products */;
			projectDirPath = "";
			projectRoot = "";
			targets = (
				3E2555CF1CFC8F4E006DEF18 /* ListifySwift */,
			);
		};
/* End PBXProject section */

/* Begin PBXResourcesBuildPhase section */
		3E2555CE1CFC8F4E006DEF18 /* Resources */ = {
			isa = PBXResourcesBuildPhase;
			buildActionMask = 2147483647;
			files = (
				3E2555DE1CFC8F4E006DEF18 /* LaunchScreen.storyboard in Resources */,
				3E2555DB1CFC8F4E006DEF18 /* Assets.xcassets in Resources */,
				3E2555D91CFC8F4E006DEF18 /* Main.storyboard in Resources */,
			);
			runOnlyForDeploymentPostprocessing = 0;
		};
/* End PBXResourcesBuildPhase section */

/* Begin PBXSourcesBuildPhase section */
		3E2555CC1CFC8F4E006DEF18 /* Sources */ = {
			isa = PBXSourcesBuildPhase;
			buildActionMask = 2147483647;
			files = (
				3E2555D61CFC8F4E006DEF18 /* ViewController.swift in Sources */,
				3E2555D41CFC8F4E006DEF18 /* AppDelegate.swift in Sources */,
			);
			runOnlyForDeploymentPostprocessing = 0;
		};
/* End PBXSourcesBuildPhase section */

/* Begin PBXVariantGroup section */
		3E2555D71CFC8F4E006DEF18 /* Main.storyboard */ = {
			isa = PBXVariantGroup;
			children = (
				3E2555D81CFC8F4E006DEF18 /* Base */,
			);
			name = Main.storyboard;
			sourceTree = "<group>";
		};
		3E2555DC1CFC8F4E006DEF18 /* LaunchScreen.storyboard */ = {
			isa = PBXVariantGroup;
			children = (
				3E2555DD1CFC8F4E006DEF18 /* Base */,
			);
			name = LaunchScreen.storyboard;
			sourceTree = "<group>";
		};
/* End PBXVariantGroup section */

/* Begin XCBuildConfiguration section */
		3E2555E01CFC8F4E006DEF18 /* Debug */ = {
			isa = XCBuildConfiguration;
			buildSettings = {
				ALWAYS_SEARCH_USER_PATHS = NO;
				CLANG_ANALYZER_NONNULL = YES;
				CLANG_CXX_LANGUAGE_STANDARD = "gnu++0x";
				CLANG_CXX_LIBRARY = "libc++";
				CLANG_ENABLE_MODULES = YES;
				CLANG_ENABLE_OBJC_ARC = YES;
				CLANG_WARN_BOOL_CONVERSION = YES;
				CLANG_WARN_CONSTANT_CONVERSION = YES;
				CLANG_WARN_DIRECT_OBJC_ISA_USAGE = YES_ERROR;
				CLANG_WARN_EMPTY_BODY = YES;
				CLANG_WARN_ENUM_CONVERSION = YES;
				CLANG_WARN_INT_CONVERSION = YES;
				CLANG_WARN_OBJC_ROOT_CLASS = YES_ERROR;
				CLANG_WARN_UNREACHABLE_CODE = YES;
				CLANG_WARN__DUPLICATE_METHOD_MATCH = YES;
				"CODE_SIGN_IDENTITY[sdk=iphoneos*]" = "iPhone Developer";
				COPY_PHASE_STRIP = NO;
				DEBUG_INFORMATION_FORMAT = dwarf;
				ENABLE_STRICT_OBJC_MSGSEND = YES;
				ENABLE_TESTABILITY = YES;
				GCC_C_LANGUAGE_STANDARD = gnu99;
				GCC_DYNAMIC_NO_PIC = NO;
				GCC_NO_COMMON_BLOCKS = YES;
				GCC_OPTIMIZATION_LEVEL = 0;
				GCC_PREPROCESSOR_DEFINITIONS = (
					"DEBUG=1",
					"$(inherited)",
				);
				GCC_WARN_64_TO_32_BIT_CONVERSION = YES;
				GCC_WARN_ABOUT_RETURN_TYPE = YES_ERROR;
				GCC_WARN_UNDECLARED_SELECTOR = YES;
				GCC_WARN_UNINITIALIZED_AUTOS = YES_AGGRESSIVE;
				GCC_WARN_UNUSED_FUNCTION = YES;
				GCC_WARN_UNUSED_VARIABLE = YES;
				IPHONEOS_DEPLOYMENT_TARGET = 9.3;
				MTL_ENABLE_DEBUG_INFO = YES;
				ONLY_ACTIVE_ARCH = YES;
				SDKROOT = iphoneos;
				SWIFT_OPTIMIZATION_LEVEL = "-Onone";
			};
			name = Debug;
		};
		3E2555E11CFC8F4E006DEF18 /* Release */ = {
			isa = XCBuildConfiguration;
			buildSettings = {
				ALWAYS_SEARCH_USER_PATHS = NO;
				CLANG_ANALYZER_NONNULL = YES;
				CLANG_CXX_LANGUAGE_STANDARD = "gnu++0x";
				CLANG_CXX_LIBRARY = "libc++";
				CLANG_ENABLE_MODULES = YES;
				CLANG_ENABLE_OBJC_ARC = YES;
				CLANG_WARN_BOOL_CONVERSION = YES;
				CLANG_WARN_CONSTANT_CONVERSION = YES;
				CLANG_WARN_DIRECT_OBJC_ISA_USAGE = YES_ERROR;
				CLANG_WARN_EMPTY_BODY = YES;
				CLANG_WARN_ENUM_CONVERSION = YES;
				CLANG_WARN_INT_CONVERSION = YES;
				CLANG_WARN_OBJC_ROOT_CLASS = YES_ERROR;
				CLANG_WARN_UNREACHABLE_CODE = YES;
				CLANG_WARN__DUPLICATE_METHOD_MATCH = YES;
				"CODE_SIGN_IDENTITY[sdk=iphoneos*]" = "iPhone Developer";
				COPY_PHASE_STRIP = NO;
				DEBUG_INFORMATION_FORMAT = "dwarf-with-dsym";
				ENABLE_NS_ASSERTIONS = NO;
				ENABLE_STRICT_OBJC_MSGSEND = YES;
				GCC_C_LANGUAGE_STANDARD = gnu99;
				GCC_NO_COMMON_BLOCKS = YES;
				GCC_WARN_64_TO_32_BIT_CONVERSION = YES;
				GCC_WARN_ABOUT_RETURN_TYPE = YES_ERROR;
				GCC_WARN_UNDECLARED_SELECTOR = YES;
				GCC_WARN_UNINITIALIZED_AUTOS = YES_AGGRESSIVE;
				GCC_WARN_UNUSED_FUNCTION = YES;
				GCC_WARN_UNUSED_VARIABLE = YES;
				IPHONEOS_DEPLOYMENT_TARGET = 9.3;
				MTL_ENABLE_DEBUG_INFO = NO;
				SDKROOT = iphoneos;
				VALIDATE_PRODUCT = YES;
			};
			name = Release;
		};
		3E2555E31CFC8F4E006DEF18 /* Debug */ = {
			isa = XCBuildConfiguration;
			buildSettings = {
				ASSETCATALOG_COMPILER_APPICON_NAME = AppIcon;
				INFOPLIST_FILE = ListifySwift/Info.plist;
				LD_RUNPATH_SEARCH_PATHS = "$(inherited) @executable_path/Frameworks";
				PRODUCT_BUNDLE_IDENTIFIER = io.jeannine.demo.ListifySwift;
				PRODUCT_NAME = "$(TARGET_NAME)";
			};
			name = Debug;
		};
		3E2555E41CFC8F4E006DEF18 /* Release */ = {
			isa = XCBuildConfiguration;
			buildSettings = {
				ASSETCATALOG_COMPILER_APPICON_NAME = AppIcon;
				INFOPLIST_FILE = ListifySwift/Info.plist;
				LD_RUNPATH_SEARCH_PATHS = "$(inherited) @executable_path/Frameworks";
				PRODUCT_BUNDLE_IDENTIFIER = io.jeannine.demo.ListifySwift;
				PRODUCT_NAME = "$(TARGET_NAME)";
			};
			name = Release;
		};
/* End XCBuildConfiguration section */

/* Begin XCConfigurationList section */
		3E2555CB1CFC8F4D006DEF18 /* Build configuration list for PBXProject "ListifySwift" */ = {
			isa = XCConfigurationList;
			buildConfigurations = (
				3E2555E01CFC8F4E006DEF18 /* Debug */,
				3E2555E11CFC8F4E006DEF18 /* Release */,
			);
			defaultConfigurationIsVisible = 0;
			defaultConfigurationName = Release;
		};
		3E2555E21CFC8F4E006DEF18 /* Build configuration list for PBXNativeTarget "ListifySwift" */ = {
			isa = XCConfigurationList;
			buildConfigurations = (
				3E2555E31CFC8F4E006DEF18 /* Debug */,
				3E2555E41CFC8F4E006DEF18 /* Release */,
			);
			defaultConfigurationIsVisible = 0;
		};
/* End XCConfigurationList section */
	};
	rootObject = 3E2555C81CFC8F4D006DEF18 /* Project object */;
}
